
Microsoft Visual Studio Solution File, Format Version 12.00
# Visual Studio Version 16
VisualStudioVersion = 16.0.30413.136
MinimumVisualStudioVersion = 10.0.40219.1
Project("{888888A0-9F3D-457C-B088-3A5042F75D52}") = "MatrixCalculator", "MatrixCalculator.pyproj", "{375EAC2A-EF7F-4C4E-8B55-7AB7160243C5}"
EndProject
Global
	GlobalSection(SolutionConfigurationPlatforms) = preSolution
		Debug|Any CPU = Debug|Any CPU
		Release|Any CPU = Release|Any CPU
	EndGlobalSection
	GlobalSection(ProjectConfigurationPlatforms) = postSolution
		{375EAC2A-EF7F-4C4E-8B55-7AB7160243C5}.Debug|Any CPU.ActiveCfg = Debug|Any CPU
		{375EAC2A-EF7F-4C4E-8B55-7AB7160243C5}.Release|Any CPU.ActiveCfg = Release|Any CPU
	EndGlobalSection
	GlobalSection(SolutionProperties) = preSolution
		HideSolutionNode = FALSE
	EndGlobalSection
	GlobalSection(ExtensibilityGlobals) = postSolution
		SolutionGuid = {19C7F6EE-F207-450F-BCF8-E70D96A4AF9F}
	EndGlobalSection
EndGlobal
